
Microsoft Visual Studio Solution File, Format Version 12.00
# Visual Studio Version 17
VisualStudioVersion = 17.9.34414.90
MinimumVisualStudioVersion = 10.0.40219.1
Project("{9A19103F-16F7-4668-BE54-9A1E7A4F7556}") = "CSharpHistorySamples", "CSharpHistorySamples\CSharpHistorySamples.csproj", "{F6862C7A-65A1-476E-9C06-7994E56D37B1}"
EndProject
Project("{9A19103F-16F7-4668-BE54-9A1E7A4F7556}") = "Benchmarks", "Benchmarks\Benchmarks.csproj", "{2375C77F-BE8E-4DAB-ABD2-292372EBCF56}"
EndProject
Project("{2150E333-8FDC-42A3-9474-1A3956D46DE8}") = "Solution Items", "Solution Items", "{FEE466FC-A11A-4D59-B71A-04C7FD106A1C}"
	ProjectSection(SolutionItems) = preProject
		.editorconfig = .editorconfig
	EndProjectSection
EndProject
Global
	GlobalSection(SolutionConfigurationPlatforms) = preSolution
		Debug|Any CPU = Debug|Any CPU
		Release|Any CPU = Release|Any CPU
	EndGlobalSection
	GlobalSection(ProjectConfigurationPlatforms) = postSolution
		{F6862C7A-65A1-476E-9C06-7994E56D37B1}.Debug|Any CPU.ActiveCfg = Debug|Any CPU
		{F6862C7A-65A1-476E-9C06-7994E56D37B1}.Debug|Any CPU.Build.0 = Debug|Any CPU
		{F6862C7A-65A1-476E-9C06-7994E56D37B1}.Release|Any CPU.ActiveCfg = Release|Any CPU
		{F6862C7A-65A1-476E-9C06-7994E56D37B1}.Release|Any CPU.Build.0 = Release|Any CPU
		{2375C77F-BE8E-4DAB-ABD2-292372EBCF56}.Debug|Any CPU.ActiveCfg = Debug|Any CPU
		{2375C77F-BE8E-4DAB-ABD2-292372EBCF56}.Debug|Any CPU.Build.0 = Debug|Any CPU
		{2375C77F-BE8E-4DAB-ABD2-292372EBCF56}.Release|Any CPU.ActiveCfg = Release|Any CPU
		{2375C77F-BE8E-4DAB-ABD2-292372EBCF56}.Release|Any CPU.Build.0 = Release|Any CPU
	EndGlobalSection
	GlobalSection(SolutionProperties) = preSolution
		HideSolutionNode = FALSE
	EndGlobalSection
	GlobalSection(ExtensibilityGlobals) = postSolution
		SolutionGuid = {ED908FF8-82DA-44EE-AA71-E59ED63F3FEF}
	EndGlobalSection
EndGlobal
